
Microsoft Visual Studio Solution File, Format Version 12.00
# Visual Studio Version 16
VisualStudioVersion = 16.0.30907.101
MinimumVisualStudioVersion = 10.0.40219.1
Project("{9A19103F-16F7-4668-BE54-9A1E7A4F7556}") = "DataSetlIOComponentTest", "DataSetlIOComponentTest.csproj", "{62916EF4-66D1-46E3-9DEE-666FAD26761D}"
EndProject
Global
	GlobalSection(SolutionConfigurationPlatforms) = preSolution
		Debug|Any CPU = Debug|Any CPU
		Release|Any CPU = Release|Any CPU
	EndGlobalSection
	GlobalSection(ProjectConfigurationPlatforms) = postSolution
		{62916EF4-66D1-46E3-9DEE-666FAD26761D}.Debug|Any CPU.ActiveCfg = Debug|Any CPU
		{62916EF4-66D1-46E3-9DEE-666FAD26761D}.Debug|Any CPU.Build.0 = Debug|Any CPU
		{62916EF4-66D1-46E3-9DEE-666FAD26761D}.Release|Any CPU.ActiveCfg = Release|Any CPU
		{62916EF4-66D1-46E3-9DEE-666FAD26761D}.Release|Any CPU.Build.0 = Release|Any CPU
	EndGlobalSection
	GlobalSection(SolutionProperties) = preSolution
		HideSolutionNode = FALSE
	EndGlobalSection
	GlobalSection(ExtensibilityGlobals) = postSolution
		SolutionGuid = {C68F5518-6399-4D5F-BB90-89266CF8A1F6}
	EndGlobalSection
EndGlobal
