
Microsoft Visual Studio Solution File, Format Version 12.00
# Visual Studio Version 16
VisualStudioVersion = 16.0.30804.86
MinimumVisualStudioVersion = 10.0.40219.1
Project("{9A19103F-16F7-4668-BE54-9A1E7A4F7556}") = "BlazorElectron", "BlazorElectron.csproj", "{E5F3DF8C-5F40-4F85-8BE3-8E4A053B62C4}"
EndProject
Project("{9A19103F-16F7-4668-BE54-9A1E7A4F7556}") = "DataSetlIOComponentTest", "..\ExcelIOComponentTest\DataSetlIOComponentTest.csproj", "{013AD4AA-D741-4ED8-8D72-B57A382ADB67}"
EndProject
Project("{FAE04EC0-301F-11D3-BF4B-00C04F79EFBC}") = "PublicationDataSet", "..\PublicationDataSet\PublicationDataSet.csproj", "{22BA90BB-0173-41FF-BD5C-09A9DB30BDB0}"
EndProject
Project("{FAE04EC0-301F-11D3-BF4B-00C04F79EFBC}") = "ExcelIO", "..\ExcelIO\ExcelIO.csproj", "{7B64B7FF-D94C-4D46-B956-DB9C616C0E32}"
EndProject
Global
	GlobalSection(SolutionConfigurationPlatforms) = preSolution
		Debug|Any CPU = Debug|Any CPU
		Release|Any CPU = Release|Any CPU
	EndGlobalSection
	GlobalSection(ProjectConfigurationPlatforms) = postSolution
		{E5F3DF8C-5F40-4F85-8BE3-8E4A053B62C4}.Debug|Any CPU.ActiveCfg = Debug|Any CPU
		{E5F3DF8C-5F40-4F85-8BE3-8E4A053B62C4}.Debug|Any CPU.Build.0 = Debug|Any CPU
		{E5F3DF8C-5F40-4F85-8BE3-8E4A053B62C4}.Release|Any CPU.ActiveCfg = Release|Any CPU
		{E5F3DF8C-5F40-4F85-8BE3-8E4A053B62C4}.Release|Any CPU.Build.0 = Release|Any CPU
		{013AD4AA-D741-4ED8-8D72-B57A382ADB67}.Debug|Any CPU.ActiveCfg = Debug|Any CPU
		{013AD4AA-D741-4ED8-8D72-B57A382ADB67}.Debug|Any CPU.Build.0 = Debug|Any CPU
		{013AD4AA-D741-4ED8-8D72-B57A382ADB67}.Release|Any CPU.ActiveCfg = Release|Any CPU
		{013AD4AA-D741-4ED8-8D72-B57A382ADB67}.Release|Any CPU.Build.0 = Release|Any CPU
		{22BA90BB-0173-41FF-BD5C-09A9DB30BDB0}.Debug|Any CPU.ActiveCfg = Debug|Any CPU
		{22BA90BB-0173-41FF-BD5C-09A9DB30BDB0}.Debug|Any CPU.Build.0 = Debug|Any CPU
		{22BA90BB-0173-41FF-BD5C-09A9DB30BDB0}.Release|Any CPU.ActiveCfg = Release|Any CPU
		{22BA90BB-0173-41FF-BD5C-09A9DB30BDB0}.Release|Any CPU.Build.0 = Release|Any CPU
		{7B64B7FF-D94C-4D46-B956-DB9C616C0E32}.Debug|Any CPU.ActiveCfg = Debug|Any CPU
		{7B64B7FF-D94C-4D46-B956-DB9C616C0E32}.Debug|Any CPU.Build.0 = Debug|Any CPU
		{7B64B7FF-D94C-4D46-B956-DB9C616C0E32}.Release|Any CPU.ActiveCfg = Release|Any CPU
		{7B64B7FF-D94C-4D46-B956-DB9C616C0E32}.Release|Any CPU.Build.0 = Release|Any CPU
	EndGlobalSection
	GlobalSection(SolutionProperties) = preSolution
		HideSolutionNode = FALSE
	EndGlobalSection
	GlobalSection(ExtensibilityGlobals) = postSolution
		SolutionGuid = {21B2910C-C11B-49F7-B7CC-BF46CA3B19F8}
	EndGlobalSection
EndGlobal
